
Microsoft Visual Studio Solution File, Format Version 12.00
# Visual Studio Version 16
VisualStudioVersion = 16.0.30711.63
MinimumVisualStudioVersion = 10.0.40219.1
Project("{FAE04EC0-301F-11D3-BF4B-00C04F79EFBC}") = "PowerTodo.WEB.Server", "PowerTodo.WEB\Server\PowerTodo.WEB.Server.csproj", "{EB99F2EC-6083-4F7F-86DB-BA161E4A91F0}"
EndProject
Project("{FAE04EC0-301F-11D3-BF4B-00C04F79EFBC}") = "PowerTodo.WEB.Client", "PowerTodo.WEB\Client\PowerTodo.WEB.Client.csproj", "{009A4542-614B-42BD-A7D8-6540782EE9D0}"
EndProject
Project("{FAE04EC0-301F-11D3-BF4B-00C04F79EFBC}") = "PowerTodo.WEB.Shared", "PowerTodo.WEB\Shared\PowerTodo.WEB.Shared.csproj", "{D089FE89-C975-4153-B5BD-5BC48DAC5839}"
EndProject
Global
	GlobalSection(SolutionConfigurationPlatforms) = preSolution
		Debug|Any CPU = Debug|Any CPU
		Release|Any CPU = Release|Any CPU
	EndGlobalSection
	GlobalSection(ProjectConfigurationPlatforms) = postSolution
		{EB99F2EC-6083-4F7F-86DB-BA161E4A91F0}.Debug|Any CPU.ActiveCfg = Debug|Any CPU
		{EB99F2EC-6083-4F7F-86DB-BA161E4A91F0}.Debug|Any CPU.Build.0 = Debug|Any CPU
		{EB99F2EC-6083-4F7F-86DB-BA161E4A91F0}.Release|Any CPU.ActiveCfg = Release|Any CPU
		{EB99F2EC-6083-4F7F-86DB-BA161E4A91F0}.Release|Any CPU.Build.0 = Release|Any CPU
		{009A4542-614B-42BD-A7D8-6540782EE9D0}.Debug|Any CPU.ActiveCfg = Debug|Any CPU
		{009A4542-614B-42BD-A7D8-6540782EE9D0}.Debug|Any CPU.Build.0 = Debug|Any CPU
		{009A4542-614B-42BD-A7D8-6540782EE9D0}.Release|Any CPU.ActiveCfg = Release|Any CPU
		{009A4542-614B-42BD-A7D8-6540782EE9D0}.Release|Any CPU.Build.0 = Release|Any CPU
		{D089FE89-C975-4153-B5BD-5BC48DAC5839}.Debug|Any CPU.ActiveCfg = Debug|Any CPU
		{D089FE89-C975-4153-B5BD-5BC48DAC5839}.Debug|Any CPU.Build.0 = Debug|Any CPU
		{D089FE89-C975-4153-B5BD-5BC48DAC5839}.Release|Any CPU.ActiveCfg = Release|Any CPU
		{D089FE89-C975-4153-B5BD-5BC48DAC5839}.Release|Any CPU.Build.0 = Release|Any CPU
	EndGlobalSection
	GlobalSection(SolutionProperties) = preSolution
		HideSolutionNode = FALSE
	EndGlobalSection
	GlobalSection(ExtensibilityGlobals) = postSolution
		SolutionGuid = {5B4176D4-C48C-472B-B501-DB7A037040E1}
	EndGlobalSection
EndGlobal
